
Microsoft Visual Studio Solution File, Format Version 12.00
# Visual Studio Version 17
VisualStudioVersion = 17.4.33122.133
MinimumVisualStudioVersion = 10.0.40219.1
Project("{FAE04EC0-301F-11D3-BF4B-00C04F79EFBC}") = "PRG-Morzeovka", "PRG-Morzeovka\PRG-Morzeovka.csproj", "{17019222-95D7-48E2-AC94-A1F3E380116C}"
EndProject
Global
	GlobalSection(SolutionConfigurationPlatforms) = preSolution
		Debug|Any CPU = Debug|Any CPU
		Release|Any CPU = Release|Any CPU
	EndGlobalSection
	GlobalSection(ProjectConfigurationPlatforms) = postSolution
		{17019222-95D7-48E2-AC94-A1F3E380116C}.Debug|Any CPU.ActiveCfg = Debug|Any CPU
		{17019222-95D7-48E2-AC94-A1F3E380116C}.Debug|Any CPU.Build.0 = Debug|Any CPU
		{17019222-95D7-48E2-AC94-A1F3E380116C}.Release|Any CPU.ActiveCfg = Release|Any CPU
		{17019222-95D7-48E2-AC94-A1F3E380116C}.Release|Any CPU.Build.0 = Release|Any CPU
	EndGlobalSection
	GlobalSection(SolutionProperties) = preSolution
		HideSolutionNode = FALSE
	EndGlobalSection
	GlobalSection(ExtensibilityGlobals) = postSolution
		SolutionGuid = {3FAE772A-97FB-4E6C-B223-65A68FA92926}
	EndGlobalSection
EndGlobal
